// !$*UTF8*$!
{
	archiveVersion = 1;
	classes = {
	};
	objectVersion = 51;
	objects = {

/* Begin PBXBuildFile section */
		34808C40DC08EC3DAE5BB8F7 /* Pods_TVO_VNPTCustomKB.framework in Frameworks */ = {isa = PBXBuildFile; fileRef = 5C64385404C97EC0BDF8D97B /* Pods_TVO_VNPTCustomKB.framework */; };
		8403B8202637F0ED00CBC738 /* Assets.xcassets in Resources */ = {isa = PBXBuildFile; fileRef = 84C368042637BE9D00E81090 /* Assets.xcassets */; };
		84C367FC2637BE9B00E81090 /* AppDelegate.swift in Sources */ = {isa = PBXBuildFile; fileRef = 84C367FB2637BE9B00E81090 /* AppDelegate.swift */; };
		84C367FE2637BE9B00E81090 /* SceneDelegate.swift in Sources */ = {isa = PBXBuildFile; fileRef = 84C367FD2637BE9B00E81090 /* SceneDelegate.swift */; };
		84C368002637BE9B00E81090 /* ViewController.swift in Sources */ = {isa = PBXBuildFile; fileRef = 84C367FF2637BE9B00E81090 /* ViewController.swift */; };
		84C368032637BE9B00E81090 /* Main.storyboard in Resources */ = {isa = PBXBuildFile; fileRef = 84C368012637BE9B00E81090 /* Main.storyboard */; };
		84C368052637BE9D00E81090 /* Assets.xcassets in Resources */ = {isa = PBXBuildFile; fileRef = 84C368042637BE9D00E81090 /* Assets.xcassets */; };
		84C368082637BE9D00E81090 /* LaunchScreen.storyboard in Resources */ = {isa = PBXBuildFile; fileRef = 84C368062637BE9D00E81090 /* LaunchScreen.storyboard */; };
		84C368172637BEDB00E81090 /* KeyboardViewController.swift in Sources */ = {isa = PBXBuildFile; fileRef = 84C368162637BEDB00E81090 /* KeyboardViewController.swift */; };
		84C3681B2637BEDB00E81090 /* TVO_VNPTCustomKB.appex in Embed App Extensions */ = {isa = PBXBuildFile; fileRef = 84C368142637BEDB00E81090 /* TVO_VNPTCustomKB.appex */; settings = {ATTRIBUTES = (RemoveHeadersOnCopy, ); }; };
		84C368292637BF7E00E81090 /* BaseVC.swift in Sources */ = {isa = PBXBuildFile; fileRef = 84C368282637BF7E00E81090 /* BaseVC.swift */; };
		84C3683C2637C77400E81090 /* CustomAccessoryView.swift in Sources */ = {isa = PBXBuildFile; fileRef = 84C3683B2637C77400E81090 /* CustomAccessoryView.swift */; };
		84C368402637C78000E81090 /* CustomAccessoryView.xib in Resources */ = {isa = PBXBuildFile; fileRef = 84C3683F2637C78000E81090 /* CustomAccessoryView.xib */; };
		84C9513F26380D6D00CD5BAD /* UntilityModels.swift in Sources */ = {isa = PBXBuildFile; fileRef = 84C9513E26380D6D00CD5BAD /* UntilityModels.swift */; };
		84C95143263810BF00CD5BAD /* Keyboard.xib in Resources */ = {isa = PBXBuildFile; fileRef = 84C95142263810BF00CD5BAD /* Keyboard.xib */; };
		84C951482638122100CD5BAD /* ItemKeyboardCell.swift in Sources */ = {isa = PBXBuildFile; fileRef = 84C951462638122100CD5BAD /* ItemKeyboardCell.swift */; };
		84C951492638122100CD5BAD /* ItemKeyboardCell.xib in Resources */ = {isa = PBXBuildFile; fileRef = 84C951472638122100CD5BAD /* ItemKeyboardCell.xib */; };
		84C9515F2639099200CD5BAD /* KeyboardColorScheme.swift in Sources */ = {isa = PBXBuildFile; fileRef = 84C9515E2639099200CD5BAD /* KeyboardColorScheme.swift */; };
		84C9516326390CE200CD5BAD /* KeyboardVM.swift in Sources */ = {isa = PBXBuildFile; fileRef = 84C9516226390CE200CD5BAD /* KeyboardVM.swift */; };
		84C95171263912DF00CD5BAD /* contacts.json in Resources */ = {isa = PBXBuildFile; fileRef = 84C95170263912DF00CD5BAD /* contacts.json */; };
		A76EDDCF587A878BE9D17274 /* Pods_TVO_VNPTKeyboard.framework in Frameworks */ = {isa = PBXBuildFile; fileRef = 76A7F95161839CC094279CDA /* Pods_TVO_VNPTKeyboard.framework */; };
/* End PBXBuildFile section */

/* Begin PBXContainerItemProxy section */
		84C368192637BEDB00E81090 /* PBXContainerItemProxy */ = {
			isa = PBXContainerItemProxy;
			containerPortal = 84C367F02637BE9B00E81090 /* Project object */;
			proxyType = 1;
			remoteGlobalIDString = 84C368132637BEDB00E81090;
			remoteInfo = TVO_VNPTCustomKB;
		};
/* End PBXContainerItemProxy section */

/* Begin PBXCopyFilesBuildPhase section */
		84C3681F2637BEDB00E81090 /* Embed App Extensions */ = {
			isa = PBXCopyFilesBuildPhase;
			buildActionMask = 2147483647;
			dstPath = "";
			dstSubfolderSpec = 13;
			files = (
				84C3681B2637BEDB00E81090 /* TVO_VNPTCustomKB.appex in Embed App Extensions */,
			);
			name = "Embed App Extensions";
			runOnlyForDeploymentPostprocessing = 0;
		};
/* End PBXCopyFilesBuildPhase section */

/* Begin PBXFileReference section */
		4CD6C169EB79750DCA22649D /* Pods-TVO_VNPTCustomKB.release.xcconfig */ = {isa = PBXFileReference; includeInIndex = 1; lastKnownFileType = text.xcconfig; name = "Pods-TVO_VNPTCustomKB.release.xcconfig"; path = "Target Support Files/Pods-TVO_VNPTCustomKB/Pods-TVO_VNPTCustomKB.release.xcconfig"; sourceTree = "<group>"; };
		55A28CB0E9F79E7D4AC001FD /* Pods-TVO_VNPTKeyboard.release.xcconfig */ = {isa = PBXFileReference; includeInIndex = 1; lastKnownFileType = text.xcconfig; name = "Pods-TVO_VNPTKeyboard.release.xcconfig"; path = "Target Support Files/Pods-TVO_VNPTKeyboard/Pods-TVO_VNPTKeyboard.release.xcconfig"; sourceTree = "<group>"; };
		5C64385404C97EC0BDF8D97B /* Pods_TVO_VNPTCustomKB.framework */ = {isa = PBXFileReference; explicitFileType = wrapper.framework; includeInIndex = 0; path = Pods_TVO_VNPTCustomKB.framework; sourceTree = BUILT_PRODUCTS_DIR; };
		76A7F95161839CC094279CDA /* Pods_TVO_VNPTKeyboard.framework */ = {isa = PBXFileReference; explicitFileType = wrapper.framework; includeInIndex = 0; path = Pods_TVO_VNPTKeyboard.framework; sourceTree = BUILT_PRODUCTS_DIR; };
		84C367F82637BE9B00E81090 /* TVO_VNPTKeyboard.app */ = {isa = PBXFileReference; explicitFileType = wrapper.application; includeInIndex = 0; path = TVO_VNPTKeyboard.app; sourceTree = BUILT_PRODUCTS_DIR; };
		84C367FB2637BE9B00E81090 /* AppDelegate.swift */ = {isa = PBXFileReference; lastKnownFileType = sourcecode.swift; path = AppDelegate.swift; sourceTree = "<group>"; };
		84C367FD2637BE9B00E81090 /* SceneDelegate.swift */ = {isa = PBXFileReference; lastKnownFileType = sourcecode.swift; path = SceneDelegate.swift; sourceTree = "<group>"; };
		84C367FF2637BE9B00E81090 /* ViewController.swift */ = {isa = PBXFileReference; lastKnownFileType = sourcecode.swift; path = ViewController.swift; sourceTree = "<group>"; };
		84C368022637BE9B00E81090 /* Base */ = {isa = PBXFileReference; lastKnownFileType = file.storyboard; name = Base; path = Base.lproj/Main.storyboard; sourceTree = "<group>"; };
		84C368042637BE9D00E81090 /* Assets.xcassets */ = {isa = PBXFileReference; lastKnownFileType = folder.assetcatalog; path = Assets.xcassets; sourceTree = "<group>"; };
		84C368072637BE9D00E81090 /* Base */ = {isa = PBXFileReference; lastKnownFileType = file.storyboard; name = Base; path = Base.lproj/LaunchScreen.storyboard; sourceTree = "<group>"; };
		84C368092637BE9D00E81090 /* Info.plist */ = {isa = PBXFileReference; lastKnownFileType = text.plist.xml; path = Info.plist; sourceTree = "<group>"; };
		84C368142637BEDB00E81090 /* TVO_VNPTCustomKB.appex */ = {isa = PBXFileReference; explicitFileType = "wrapper.app-extension"; includeInIndex = 0; path = TVO_VNPTCustomKB.appex; sourceTree = BUILT_PRODUCTS_DIR; };
		84C368162637BEDB00E81090 /* KeyboardViewController.swift */ = {isa = PBXFileReference; lastKnownFileType = sourcecode.swift; path = KeyboardViewController.swift; sourceTree = "<group>"; };
		84C368182637BEDB00E81090 /* Info.plist */ = {isa = PBXFileReference; lastKnownFileType = text.plist.xml; path = Info.plist; sourceTree = "<group>"; };
		84C368282637BF7E00E81090 /* BaseVC.swift */ = {isa = PBXFileReference; lastKnownFileType = sourcecode.swift; path = BaseVC.swift; sourceTree = "<group>"; };
		84C3683B2637C77400E81090 /* CustomAccessoryView.swift */ = {isa = PBXFileReference; lastKnownFileType = sourcecode.swift; path = CustomAccessoryView.swift; sourceTree = "<group>"; };
		84C3683F2637C78000E81090 /* CustomAccessoryView.xib */ = {isa = PBXFileReference; lastKnownFileType = file.xib; path = CustomAccessoryView.xib; sourceTree = "<group>"; };
		84C9513E26380D6D00CD5BAD /* UntilityModels.swift */ = {isa = PBXFileReference; lastKnownFileType = sourcecode.swift; path = UntilityModels.swift; sourceTree = "<group>"; };
		84C95142263810BF00CD5BAD /* Keyboard.xib */ = {isa = PBXFileReference; lastKnownFileType = file.xib; path = Keyboard.xib; sourceTree = "<group>"; };
		84C951462638122100CD5BAD /* ItemKeyboardCell.swift */ = {isa = PBXFileReference; lastKnownFileType = sourcecode.swift; path = ItemKeyboardCell.swift; sourceTree = "<group>"; };
		84C951472638122100CD5BAD /* ItemKeyboardCell.xib */ = {isa = PBXFileReference; lastKnownFileType = file.xib; path = ItemKeyboardCell.xib; sourceTree = "<group>"; };
		84C9515E2639099200CD5BAD /* KeyboardColorScheme.swift */ = {isa = PBXFileReference; lastKnownFileType = sourcecode.swift; path = KeyboardColorScheme.swift; sourceTree = "<group>"; };
		84C9516226390CE200CD5BAD /* KeyboardVM.swift */ = {isa = PBXFileReference; lastKnownFileType = sourcecode.swift; path = KeyboardVM.swift; sourceTree = "<group>"; };
		84C95170263912DF00CD5BAD /* contacts.json */ = {isa = PBXFileReference; lastKnownFileType = text.json; path = contacts.json; sourceTree = "<group>"; };
		959660601E079C0A10FD0673 /* Pods-TVO_VNPTCustomKB.debug.xcconfig */ = {isa = PBXFileReference; includeInIndex = 1; lastKnownFileType = text.xcconfig; name = "Pods-TVO_VNPTCustomKB.debug.xcconfig"; path = "Target Support Files/Pods-TVO_VNPTCustomKB/Pods-TVO_VNPTCustomKB.debug.xcconfig"; sourceTree = "<group>"; };
		F1C8F00F925F2A75D48F1992 /* Pods-TVO_VNPTKeyboard.debug.xcconfig */ = {isa = PBXFileReference; includeInIndex = 1; lastKnownFileType = text.xcconfig; name = "Pods-TVO_VNPTKeyboard.debug.xcconfig"; path = "Target Support Files/Pods-TVO_VNPTKeyboard/Pods-TVO_VNPTKeyboard.debug.xcconfig"; sourceTree = "<group>"; };
/* End PBXFileReference section */

/* Begin PBXFrameworksBuildPhase section */
		84C367F52637BE9B00E81090 /* Frameworks */ = {
			isa = PBXFrameworksBuildPhase;
			buildActionMask = 2147483647;
			files = (
				A76EDDCF587A878BE9D17274 /* Pods_TVO_VNPTKeyboard.framework in Frameworks */,
			);
			runOnlyForDeploymentPostprocessing = 0;
		};
		84C368112637BEDB00E81090 /* Frameworks */ = {
			isa = PBXFrameworksBuildPhase;
			buildActionMask = 2147483647;
			files = (
				34808C40DC08EC3DAE5BB8F7 /* Pods_TVO_VNPTCustomKB.framework in Frameworks */,
			);
			runOnlyForDeploymentPostprocessing = 0;
		};
/* End PBXFrameworksBuildPhase section */

/* Begin PBXGroup section */
		235039B067E1AFCC9549C424 /* Frameworks */ = {
			isa = PBXGroup;
			children = (
				5C64385404C97EC0BDF8D97B /* Pods_TVO_VNPTCustomKB.framework */,
				76A7F95161839CC094279CDA /* Pods_TVO_VNPTKeyboard.framework */,
			);
			name = Frameworks;
			sourceTree = "<group>";
		};
		84C367EF2637BE9B00E81090 = {
			isa = PBXGroup;
			children = (
				84C367FA2637BE9B00E81090 /* TVO_VNPTKeyboard */,
				84C368152637BEDB00E81090 /* TVO_VNPTCustomKB */,
				84C367F92637BE9B00E81090 /* Products */,
				F6984253CC8B061F0E56CA77 /* Pods */,
				235039B067E1AFCC9549C424 /* Frameworks */,
			);
			sourceTree = "<group>";
		};
		84C367F92637BE9B00E81090 /* Products */ = {
			isa = PBXGroup;
			children = (
				84C367F82637BE9B00E81090 /* TVO_VNPTKeyboard.app */,
				84C368142637BEDB00E81090 /* TVO_VNPTCustomKB.appex */,
			);
			name = Products;
			sourceTree = "<group>";
		};
		84C367FA2637BE9B00E81090 /* TVO_VNPTKeyboard */ = {
			isa = PBXGroup;
			children = (
				84C368322637C73600E81090 /* CustomAccessoryView */,
				84C367FB2637BE9B00E81090 /* AppDelegate.swift */,
				84C367FD2637BE9B00E81090 /* SceneDelegate.swift */,
				84C367FF2637BE9B00E81090 /* ViewController.swift */,
				84C368012637BE9B00E81090 /* Main.storyboard */,
				84C368042637BE9D00E81090 /* Assets.xcassets */,
				84C368062637BE9D00E81090 /* LaunchScreen.storyboard */,
				84C368092637BE9D00E81090 /* Info.plist */,
				84C368282637BF7E00E81090 /* BaseVC.swift */,
			);
			path = TVO_VNPTKeyboard;
			sourceTree = "<group>";
		};
		84C368152637BEDB00E81090 /* TVO_VNPTCustomKB */ = {
			isa = PBXGroup;
			children = (
				84C368162637BEDB00E81090 /* KeyboardViewController.swift */,
				84C368182637BEDB00E81090 /* Info.plist */,
				84C9513E26380D6D00CD5BAD /* UntilityModels.swift */,
				84C95142263810BF00CD5BAD /* Keyboard.xib */,
				84C951462638122100CD5BAD /* ItemKeyboardCell.swift */,
				84C951472638122100CD5BAD /* ItemKeyboardCell.xib */,
				84C9515E2639099200CD5BAD /* KeyboardColorScheme.swift */,
				84C9516226390CE200CD5BAD /* KeyboardVM.swift */,
				84C95170263912DF00CD5BAD /* contacts.json */,
			);
			path = TVO_VNPTCustomKB;
			sourceTree = "<group>";
		};
		84C368322637C73600E81090 /* CustomAccessoryView */ = {
			isa = PBXGroup;
			children = (
				84C3683B2637C77400E81090 /* CustomAccessoryView.swift */,
				84C3683F2637C78000E81090 /* CustomAccessoryView.xib */,
			);
			path = CustomAccessoryView;
			sourceTree = "<group>";
		};
		F6984253CC8B061F0E56CA77 /* Pods */ = {
			isa = PBXGroup;
			children = (
				959660601E079C0A10FD0673 /* Pods-TVO_VNPTCustomKB.debug.xcconfig */,
				4CD6C169EB79750DCA22649D /* Pods-TVO_VNPTCustomKB.release.xcconfig */,
				F1C8F00F925F2A75D48F1992 /* Pods-TVO_VNPTKeyboard.debug.xcconfig */,
				55A28CB0E9F79E7D4AC001FD /* Pods-TVO_VNPTKeyboard.release.xcconfig */,
			);
			path = Pods;
			sourceTree = "<group>";
		};
/* End PBXGroup section */

/* Begin PBXNativeTarget section */
		84C367F72637BE9B00E81090 /* TVO_VNPTKeyboard */ = {
			isa = PBXNativeTarget;
			buildConfigurationList = 84C3680C2637BE9D00E81090 /* Build configuration list for PBXNativeTarget "TVO_VNPTKeyboard" */;
			buildPhases = (
				BD993CDD5E309E0B6E88E542 /* [CP] Check Pods Manifest.lock */,
				84C367F42637BE9B00E81090 /* Sources */,
				84C367F52637BE9B00E81090 /* Frameworks */,
				84C367F62637BE9B00E81090 /* Resources */,
				84C3681F2637BEDB00E81090 /* Embed App Extensions */,
				45C0E45DFC9C31A542AAD081 /* [CP] Embed Pods Frameworks */,
			);
			buildRules = (
			);
			dependencies = (
				84C3681A2637BEDB00E81090 /* PBXTargetDependency */,
			);
			name = TVO_VNPTKeyboard;
			productName = TVO_VNPTKeyboard;
			productReference = 84C367F82637BE9B00E81090 /* TVO_VNPTKeyboard.app */;
			productType = "com.apple.product-type.application";
		};
		84C368132637BEDB00E81090 /* TVO_VNPTCustomKB */ = {
			isa = PBXNativeTarget;
			buildConfigurationList = 84C3681C2637BEDB00E81090 /* Build configuration list for PBXNativeTarget "TVO_VNPTCustomKB" */;
			buildPhases = (
				CDBCF9CF5DD3D653134A45EE /* [CP] Check Pods Manifest.lock */,
				84C368102637BEDB00E81090 /* Sources */,
				84C368112637BEDB00E81090 /* Frameworks */,
				84C368122637BEDB00E81090 /* Resources */,
			);
			buildRules = (
			);
			dependencies = (
			);
			name = TVO_VNPTCustomKB;
			productName = TVO_VNPTCustomKB;
			productReference = 84C368142637BEDB00E81090 /* TVO_VNPTCustomKB.appex */;
			productType = "com.apple.product-type.app-extension";
		};
/* End PBXNativeTarget section */

/* Begin PBXProject section */
		84C367F02637BE9B00E81090 /* Project object */ = {
			isa = PBXProject;
			attributes = {
				LastSwiftUpdateCheck = 1210;
				LastUpgradeCheck = 1210;
				TargetAttributes = {
					84C367F72637BE9B00E81090 = {
						CreatedOnToolsVersion = 12.1;
					};
					84C368132637BEDB00E81090 = {
						CreatedOnToolsVersion = 12.1;
					};
				};
			};
			buildConfigurationList = 84C367F32637BE9B00E81090 /* Build configuration list for PBXProject "TVO_VNPTKeyboard" */;
			compatibilityVersion = "Xcode 9.3";
			developmentRegion = en;
			hasScannedForEncodings = 0;
			knownRegions = (
				en,
				Base,
			);
			mainGroup = 84C367EF2637BE9B00E81090;
			productRefGroup = 84C367F92637BE9B00E81090 /* Products */;
			projectDirPath = "";
			projectRoot = "";
			targets = (
				84C367F72637BE9B00E81090 /* TVO_VNPTKeyboard */,
				84C368132637BEDB00E81090 /* TVO_VNPTCustomKB */,
			);
		};
/* End PBXProject section */

/* Begin PBXResourcesBuildPhase section */
		84C367F62637BE9B00E81090 /* Resources */ = {
			isa = PBXResourcesBuildPhase;
			buildActionMask = 2147483647;
			files = (
				84C368082637BE9D00E81090 /* LaunchScreen.storyboard in Resources */,
				84C368052637BE9D00E81090 /* Assets.xcassets in Resources */,
				84C368402637C78000E81090 /* CustomAccessoryView.xib in Resources */,
				84C368032637BE9B00E81090 /* Main.storyboard in Resources */,
			);
			runOnlyForDeploymentPostprocessing = 0;
		};
		84C368122637BEDB00E81090 /* Resources */ = {
			isa = PBXResourcesBuildPhase;
			buildActionMask = 2147483647;
			files = (
				84C95171263912DF00CD5BAD /* contacts.json in Resources */,
				84C95143263810BF00CD5BAD /* Keyboard.xib in Resources */,
				84C951492638122100CD5BAD /* ItemKeyboardCell.xib in Resources */,
				8403B8202637F0ED00CBC738 /* Assets.xcassets in Resources */,
			);
			runOnlyForDeploymentPostprocessing = 0;
		};
/* End PBXResourcesBuildPhase section */

/* Begin PBXShellScriptBuildPhase section */
		45C0E45DFC9C31A542AAD081 /* [CP] Embed Pods Frameworks */ = {
			isa = PBXShellScriptBuildPhase;
			buildActionMask = 2147483647;
			files = (
			);
			inputFileListPaths = (
				"${PODS_ROOT}/Target Support Files/Pods-TVO_VNPTKeyboard/Pods-TVO_VNPTKeyboard-frameworks-${CONFIGURATION}-input-files.xcfilelist",
			);
			name = "[CP] Embed Pods Frameworks";
			outputFileListPaths = (
				"${PODS_ROOT}/Target Support Files/Pods-TVO_VNPTKeyboard/Pods-TVO_VNPTKeyboard-frameworks-${CONFIGURATION}-output-files.xcfilelist",
			);
			runOnlyForDeploymentPostprocessing = 0;
			shellPath = /bin/sh;
			shellScript = "\"${PODS_ROOT}/Target Support Files/Pods-TVO_VNPTKeyboard/Pods-TVO_VNPTKeyboard-frameworks.sh\"\n";
			showEnvVarsInLog = 0;
		};
		BD993CDD5E309E0B6E88E542 /* [CP] Check Pods Manifest.lock */ = {
			isa = PBXShellScriptBuildPhase;
			buildActionMask = 2147483647;
			files = (
			);
			inputFileListPaths = (
			);
			inputPaths = (
				"${PODS_PODFILE_DIR_PATH}/Podfile.lock",
				"${PODS_ROOT}/Manifest.lock",
			);
			name = "[CP] Check Pods Manifest.lock";
			outputFileListPaths = (
			);
			outputPaths = (
				"$(DERIVED_FILE_DIR)/Pods-TVO_VNPTKeyboard-checkManifestLockResult.txt",
			);
			runOnlyForDeploymentPostprocessing = 0;
			shellPath = /bin/sh;
			shellScript = "diff \"${PODS_PODFILE_DIR_PATH}/Podfile.lock\" \"${PODS_ROOT}/Manifest.lock\" > /dev/null\nif [ $? != 0 ] ; then\n    # print error to STDERR\n    echo \"error: The sandbox is not in sync with the Podfile.lock. Run 'pod install' or update your CocoaPods installation.\" >&2\n    exit 1\nfi\n# This output is used by Xcode 'outputs' to avoid re-running this script phase.\necho \"SUCCESS\" > \"${SCRIPT_OUTPUT_FILE_0}\"\n";
			showEnvVarsInLog = 0;
		};
		CDBCF9CF5DD3D653134A45EE /* [CP] Check Pods Manifest.lock */ = {
			isa = PBXShellScriptBuildPhase;
			buildActionMask = 2147483647;
			files = (
			);
			inputFileListPaths = (
			);
			inputPaths = (
				"${PODS_PODFILE_DIR_PATH}/Podfile.lock",
				"${PODS_ROOT}/Manifest.lock",
			);
			name = "[CP] Check Pods Manifest.lock";
			outputFileListPaths = (
			);
			outputPaths = (
				"$(DERIVED_FILE_DIR)/Pods-TVO_VNPTCustomKB-checkManifestLockResult.txt",
			);
			runOnlyForDeploymentPostprocessing = 0;
			shellPath = /bin/sh;
			shellScript = "diff \"${PODS_PODFILE_DIR_PATH}/Podfile.lock\" \"${PODS_ROOT}/Manifest.lock\" > /dev/null\nif [ $? != 0 ] ; then\n    # print error to STDERR\n    echo \"error: The sandbox is not in sync with the Podfile.lock. Run 'pod install' or update your CocoaPods installation.\" >&2\n    exit 1\nfi\n# This output is used by Xcode 'outputs' to avoid re-running this script phase.\necho \"SUCCESS\" > \"${SCRIPT_OUTPUT_FILE_0}\"\n";
			showEnvVarsInLog = 0;
		};
/* End PBXShellScriptBuildPhase section */

/* Begin PBXSourcesBuildPhase section */
		84C367F42637BE9B00E81090 /* Sources */ = {
			isa = PBXSourcesBuildPhase;
			buildActionMask = 2147483647;
			files = (
				84C368002637BE9B00E81090 /* ViewController.swift in Sources */,
				84C367FC2637BE9B00E81090 /* AppDelegate.swift in Sources */,
				84C3683C2637C77400E81090 /* CustomAccessoryView.swift in Sources */,
				84C367FE2637BE9B00E81090 /* SceneDelegate.swift in Sources */,
				84C368292637BF7E00E81090 /* BaseVC.swift in Sources */,
			);
			runOnlyForDeploymentPostprocessing = 0;
		};
		84C368102637BEDB00E81090 /* Sources */ = {
			isa = PBXSourcesBuildPhase;
			buildActionMask = 2147483647;
			files = (
				84C368172637BEDB00E81090 /* KeyboardViewController.swift in Sources */,
				84C9515F2639099200CD5BAD /* KeyboardColorScheme.swift in Sources */,
				84C9513F26380D6D00CD5BAD /* UntilityModels.swift in Sources */,
				84C9516326390CE200CD5BAD /* KeyboardVM.swift in Sources */,
				84C951482638122100CD5BAD /* ItemKeyboardCell.swift in Sources */,
			);
			runOnlyForDeploymentPostprocessing = 0;
		};
/* End PBXSourcesBuildPhase section */

/* Begin PBXTargetDependency section */
		84C3681A2637BEDB00E81090 /* PBXTargetDependency */ = {
			isa = PBXTargetDependency;
			target = 84C368132637BEDB00E81090 /* TVO_VNPTCustomKB */;
			targetProxy = 84C368192637BEDB00E81090 /* PBXContainerItemProxy */;
		};
/* End PBXTargetDependency section */

/* Begin PBXVariantGroup section */
		84C368012637BE9B00E81090 /* Main.storyboard */ = {
			isa = PBXVariantGroup;
			children = (
				84C368022637BE9B00E81090 /* Base */,
			);
			name = Main.storyboard;
			sourceTree = "<group>";
		};
		84C368062637BE9D00E81090 /* LaunchScreen.storyboard */ = {
			isa = PBXVariantGroup;
			children = (
				84C368072637BE9D00E81090 /* Base */,
			);
			name = LaunchScreen.storyboard;
			sourceTree = "<group>";
		};
/* End PBXVariantGroup section */

/* Begin XCBuildConfiguration section */
		84C3680A2637BE9D00E81090 /* Debug */ = {
			isa = XCBuildConfiguration;
			buildSettings = {
				ALWAYS_SEARCH_USER_PATHS = NO;
				CLANG_ANALYZER_NONNULL = YES;
				CLANG_ANALYZER_NUMBER_OBJECT_CONVERSION = YES_AGGRESSIVE;
				CLANG_CXX_LANGUAGE_STANDARD = "gnu++14";
				CLANG_CXX_LIBRARY = "libc++";
				CLANG_ENABLE_MODULES = YES;
				CLANG_ENABLE_OBJC_ARC = YES;
				CLANG_ENABLE_OBJC_WEAK = YES;
				CLANG_WARN_BLOCK_CAPTURE_AUTORELEASING = YES;
				CLANG_WARN_BOOL_CONVERSION = YES;
				CLANG_WARN_COMMA = YES;
				CLANG_WARN_CONSTANT_CONVERSION = YES;
				CLANG_WARN_DEPRECATED_OBJC_IMPLEMENTATIONS = YES;
				CLANG_WARN_DIRECT_OBJC_ISA_USAGE = YES_ERROR;
				CLANG_WARN_DOCUMENTATION_COMMENTS = YES;
				CLANG_WARN_EMPTY_BODY = YES;
				CLANG_WARN_ENUM_CONVERSION = YES;
				CLANG_WARN_INFINITE_RECURSION = YES;
				CLANG_WARN_INT_CONVERSION = YES;
				CLANG_WARN_NON_LITERAL_NULL_CONVERSION = YES;
				CLANG_WARN_OBJC_IMPLICIT_RETAIN_SELF = YES;
				CLANG_WARN_OBJC_LITERAL_CONVERSION = YES;
				CLANG_WARN_OBJC_ROOT_CLASS = YES_ERROR;
				CLANG_WARN_QUOTED_INCLUDE_IN_FRAMEWORK_HEADER = YES;
				CLANG_WARN_RANGE_LOOP_ANALYSIS = YES;
				CLANG_WARN_STRICT_PROTOTYPES = YES;
				CLANG_WARN_SUSPICIOUS_MOVE = YES;
				CLANG_WARN_UNGUARDED_AVAILABILITY = YES_AGGRESSIVE;
				CLANG_WARN_UNREACHABLE_CODE = YES;
				CLANG_WARN__DUPLICATE_METHOD_MATCH = YES;
				COPY_PHASE_STRIP = NO;
				DEBUG_INFORMATION_FORMAT = dwarf;
				ENABLE_STRICT_OBJC_MSGSEND = YES;
				ENABLE_TESTABILITY = YES;
				GCC_C_LANGUAGE_STANDARD = gnu11;
				GCC_DYNAMIC_NO_PIC = NO;
				GCC_NO_COMMON_BLOCKS = YES;
				GCC_OPTIMIZATION_LEVEL = 0;
				GCC_PREPROCESSOR_DEFINITIONS = (
					"DEBUG=1",
					"$(inherited)",
				);
				GCC_WARN_64_TO_32_BIT_CONVERSION = YES;
				GCC_WARN_ABOUT_RETURN_TYPE = YES_ERROR;
				GCC_WARN_UNDECLARED_SELECTOR = YES;
				GCC_WARN_UNINITIALIZED_AUTOS = YES_AGGRESSIVE;
				GCC_WARN_UNUSED_FUNCTION = YES;
				GCC_WARN_UNUSED_VARIABLE = YES;
				IPHONEOS_DEPLOYMENT_TARGET = 11.0;
				MTL_ENABLE_DEBUG_INFO = INCLUDE_SOURCE;
				MTL_FAST_MATH = YES;
				ONLY_ACTIVE_ARCH = YES;
				SDKROOT = iphoneos;
				SWIFT_ACTIVE_COMPILATION_CONDITIONS = DEBUG;
				SWIFT_OPTIMIZATION_LEVEL = "-Onone";
			};
			name = Debug;
		};
		84C3680B2637BE9D00E81090 /* Release */ = {
			isa = XCBuildConfiguration;
			buildSettings = {
				ALWAYS_SEARCH_USER_PATHS = NO;
				CLANG_ANALYZER_NONNULL = YES;
				CLANG_ANALYZER_NUMBER_OBJECT_CONVERSION = YES_AGGRESSIVE;
				CLANG_CXX_LANGUAGE_STANDARD = "gnu++14";
				CLANG_CXX_LIBRARY = "libc++";
				CLANG_ENABLE_MODULES = YES;
				CLANG_ENABLE_OBJC_ARC = YES;
				CLANG_ENABLE_OBJC_WEAK = YES;
				CLANG_WARN_BLOCK_CAPTURE_AUTORELEASING = YES;
				CLANG_WARN_BOOL_CONVERSION = YES;
				CLANG_WARN_COMMA = YES;
				CLANG_WARN_CONSTANT_CONVERSION = YES;
				CLANG_WARN_DEPRECATED_OBJC_IMPLEMENTATIONS = YES;
				CLANG_WARN_DIRECT_OBJC_ISA_USAGE = YES_ERROR;
				CLANG_WARN_DOCUMENTATION_COMMENTS = YES;
				CLANG_WARN_EMPTY_BODY = YES;
				CLANG_WARN_ENUM_CONVERSION = YES;
				CLANG_WARN_INFINITE_RECURSION = YES;
				CLANG_WARN_INT_CONVERSION = YES;
				CLANG_WARN_NON_LITERAL_NULL_CONVERSION = YES;
				CLANG_WARN_OBJC_IMPLICIT_RETAIN_SELF = YES;
				CLANG_WARN_OBJC_LITERAL_CONVERSION = YES;
				CLANG_WARN_OBJC_ROOT_CLASS = YES_ERROR;
				CLANG_WARN_QUOTED_INCLUDE_IN_FRAMEWORK_HEADER = YES;
				CLANG_WARN_RANGE_LOOP_ANALYSIS = YES;
				CLANG_WARN_STRICT_PROTOTYPES = YES;
				CLANG_WARN_SUSPICIOUS_MOVE = YES;
				CLANG_WARN_UNGUARDED_AVAILABILITY = YES_AGGRESSIVE;
				CLANG_WARN_UNREACHABLE_CODE = YES;
				CLANG_WARN__DUPLICATE_METHOD_MATCH = YES;
				COPY_PHASE_STRIP = NO;
				DEBUG_INFORMATION_FORMAT = "dwarf-with-dsym";
				ENABLE_NS_ASSERTIONS = NO;
				ENABLE_STRICT_OBJC_MSGSEND = YES;
				GCC_C_LANGUAGE_STANDARD = gnu11;
				GCC_NO_COMMON_BLOCKS = YES;
				GCC_WARN_64_TO_32_BIT_CONVERSION = YES;
				GCC_WARN_ABOUT_RETURN_TYPE = YES_ERROR;
				GCC_WARN_UNDECLARED_SELECTOR = YES;
				GCC_WARN_UNINITIALIZED_AUTOS = YES_AGGRESSIVE;
				GCC_WARN_UNUSED_FUNCTION = YES;
				GCC_WARN_UNUSED_VARIABLE = YES;
				IPHONEOS_DEPLOYMENT_TARGET = 11.0;
				MTL_ENABLE_DEBUG_INFO = NO;
				MTL_FAST_MATH = YES;
				SDKROOT = iphoneos;
				SWIFT_COMPILATION_MODE = wholemodule;
				SWIFT_OPTIMIZATION_LEVEL = "-O";
				VALIDATE_PRODUCT = YES;
			};
			name = Release;
		};
		84C3680D2637BE9D00E81090 /* Debug */ = {
			isa = XCBuildConfiguration;
			baseConfigurationReference = F1C8F00F925F2A75D48F1992 /* Pods-TVO_VNPTKeyboard.debug.xcconfig */;
			buildSettings = {
				ALWAYS_EMBED_SWIFT_STANDARD_LIBRARIES = YES;
				ASSETCATALOG_COMPILER_APPICON_NAME = AppIcon;
				ASSETCATALOG_COMPILER_GLOBAL_ACCENT_COLOR_NAME = AccentColor;
				CODE_SIGN_STYLE = Automatic;
				DEVELOPMENT_TEAM = YB6AYSJ265;
				INFOPLIST_FILE = TVO_VNPTKeyboard/Info.plist;
				LD_RUNPATH_SEARCH_PATHS = (
					"$(inherited)",
					"@executable_path/Frameworks",
				);
				PRODUCT_BUNDLE_IDENTIFIER = "ngavt.tvo.TVO-VNPTKeyboard";
				PRODUCT_NAME = "$(TARGET_NAME)";
				SWIFT_VERSION = 5.0;
				TARGETED_DEVICE_FAMILY = "1,2";
			};
			name = Debug;
		};
		84C3680E2637BE9D00E81090 /* Release */ = {
			isa = XCBuildConfiguration;
			baseConfigurationReference = 55A28CB0E9F79E7D4AC001FD /* Pods-TVO_VNPTKeyboard.release.xcconfig */;
			buildSettings = {
				ALWAYS_EMBED_SWIFT_STANDARD_LIBRARIES = YES;
				ASSETCATALOG_COMPILER_APPICON_NAME = AppIcon;
				ASSETCATALOG_COMPILER_GLOBAL_ACCENT_COLOR_NAME = AccentColor;
				CODE_SIGN_STYLE = Automatic;
				DEVELOPMENT_TEAM = YB6AYSJ265;
				INFOPLIST_FILE = TVO_VNPTKeyboard/Info.plist;
				LD_RUNPATH_SEARCH_PATHS = (
					"$(inherited)",
					"@executable_path/Frameworks",
				);
				PRODUCT_BUNDLE_IDENTIFIER = "ngavt.tvo.TVO-VNPTKeyboard";
				PRODUCT_NAME = "$(TARGET_NAME)";
				SWIFT_VERSION = 5.0;
				TARGETED_DEVICE_FAMILY = "1,2";
			};
			name = Release;
		};
		84C3681D2637BEDB00E81090 /* Debug */ = {
			isa = XCBuildConfiguration;
			baseConfigurationReference = 959660601E079C0A10FD0673 /* Pods-TVO_VNPTCustomKB.debug.xcconfig */;
			buildSettings = {
				CODE_SIGN_STYLE = Automatic;
				DEVELOPMENT_TEAM = YB6AYSJ265;
				INFOPLIST_FILE = TVO_VNPTCustomKB/Info.plist;
				IPHONEOS_DEPLOYMENT_TARGET = 11.0;
				LD_RUNPATH_SEARCH_PATHS = (
					"$(inherited)",
					"@executable_path/Frameworks",
					"@executable_path/../../Frameworks",
				);
				PRODUCT_BUNDLE_IDENTIFIER = "ngavt.tvo.TVO-VNPTKeyboard.TVO-VNPTCustomKB";
				PRODUCT_NAME = "$(TARGET_NAME)";
				SKIP_INSTALL = YES;
				SWIFT_VERSION = 5.0;
				TARGETED_DEVICE_FAMILY = "1,2";
			};
			name = Debug;
		};
		84C3681E2637BEDB00E81090 /* Release */ = {
			isa = XCBuildConfiguration;
			baseConfigurationReference = 4CD6C169EB79750DCA22649D /* Pods-TVO_VNPTCustomKB.release.xcconfig */;
			buildSettings = {
				CODE_SIGN_STYLE = Automatic;
				DEVELOPMENT_TEAM = YB6AYSJ265;
				INFOPLIST_FILE = TVO_VNPTCustomKB/Info.plist;
				IPHONEOS_DEPLOYMENT_TARGET = 11.0;
				LD_RUNPATH_SEARCH_PATHS = (
					"$(inherited)",
					"@executable_path/Frameworks",
					"@executable_path/../../Frameworks",
				);
				PRODUCT_BUNDLE_IDENTIFIER = "ngavt.tvo.TVO-VNPTKeyboard.TVO-VNPTCustomKB";
				PRODUCT_NAME = "$(TARGET_NAME)";
				SKIP_INSTALL = YES;
				SWIFT_VERSION = 5.0;
				TARGETED_DEVICE_FAMILY = "1,2";
			};
			name = Release;
		};
/* End XCBuildConfiguration section */

/* Begin XCConfigurationList section */
		84C367F32637BE9B00E81090 /* Build configuration list for PBXProject "TVO_VNPTKeyboard" */ = {
			isa = XCConfigurationList;
			buildConfigurations = (
				84C3680A2637BE9D00E81090 /* Debug */,
				84C3680B2637BE9D00E81090 /* Release */,
			);
			defaultConfigurationIsVisible = 0;
			defaultConfigurationName = Release;
		};
		84C3680C2637BE9D00E81090 /* Build configuration list for PBXNativeTarget "TVO_VNPTKeyboard" */ = {
			isa = XCConfigurationList;
			buildConfigurations = (
				84C3680D2637BE9D00E81090 /* Debug */,
				84C3680E2637BE9D00E81090 /* Release */,
			);
			defaultConfigurationIsVisible = 0;
			defaultConfigurationName = Release;
		};
		84C3681C2637BEDB00E81090 /* Build configuration list for PBXNativeTarget "TVO_VNPTCustomKB" */ = {
			isa = XCConfigurationList;
			buildConfigurations = (
				84C3681D2637BEDB00E81090 /* Debug */,
				84C3681E2637BEDB00E81090 /* Release */,
			);
			defaultConfigurationIsVisible = 0;
			defaultConfigurationName = Release;
		};
/* End XCConfigurationList section */
	};
	rootObject = 84C367F02637BE9B00E81090 /* Project object */;
}
